{
  "name": "propel",
  "version": "1.0.0",
  "lockfileVersion": 1,
  "requires": true,
  "dependencies": {
    "vuetify": {
      "version": "0.14.11",
      "resolved": "https://registry.npmjs.org/vuetify/-/vuetify-0.14.11.tgz",
      "integrity": "sha512-FEV8hrqL21nAaTNGlwwuo0p/t8K3s9kiP16sRlz5SESsQaOigqu1eBwce6tXP3cVbysQ7kAo/I9Nw4QeWA/f9w=="
    }
  }
}
